
Microsoft Visual Studio Solution File, Format Version 12.00
# Visual Studio Version 16
VisualStudioVersion = 16.0.31205.134
MinimumVisualStudioVersion = 10.0.40219.1
Project("{FAE04EC0-301F-11D3-BF4B-00C04F79EFBC}") = "MvcProje", "MvcProje\MvcProje.csproj", "{B709F1DD-FA88-4454-9D96-97B4A35BF668}"
EndProject
Project("{FAE04EC0-301F-11D3-BF4B-00C04F79EFBC}") = "EntityLayer", "EntityLayer\EntityLayer.csproj", "{3626A142-2EA8-47F1-91CB-D342D48A504F}"
EndProject
Project("{FAE04EC0-301F-11D3-BF4B-00C04F79EFBC}") = "DataAccessLayer", "DataAccessLayer\DataAccessLayer.csproj", "{0739D6C4-DDBC-4777-B0A5-6E6364F37684}"
EndProject
Project("{FAE04EC0-301F-11D3-BF4B-00C04F79EFBC}") = "BusinessLayer", "BusinessLayer\BusinessLayer.csproj", "{888CA5B2-AB04-4709-8661-D362765DFA5E}"
EndProject
Global
	GlobalSection(SolutionConfigurationPlatforms) = preSolution
		Debug|Any CPU = Debug|Any CPU
		Release|Any CPU = Release|Any CPU
	EndGlobalSection
	GlobalSection(ProjectConfigurationPlatforms) = postSolution
		{B709F1DD-FA88-4454-9D96-97B4A35BF668}.Debug|Any CPU.ActiveCfg = Debug|Any CPU
		{B709F1DD-FA88-4454-9D96-97B4A35BF668}.Debug|Any CPU.Build.0 = Debug|Any CPU
		{B709F1DD-FA88-4454-9D96-97B4A35BF668}.Release|Any CPU.ActiveCfg = Release|Any CPU
		{B709F1DD-FA88-4454-9D96-97B4A35BF668}.Release|Any CPU.Build.0 = Release|Any CPU
		{3626A142-2EA8-47F1-91CB-D342D48A504F}.Debug|Any CPU.ActiveCfg = Debug|Any CPU
		{3626A142-2EA8-47F1-91CB-D342D48A504F}.Debug|Any CPU.Build.0 = Debug|Any CPU
		{3626A142-2EA8-47F1-91CB-D342D48A504F}.Release|Any CPU.ActiveCfg = Release|Any CPU
		{3626A142-2EA8-47F1-91CB-D342D48A504F}.Release|Any CPU.Build.0 = Release|Any CPU
		{0739D6C4-DDBC-4777-B0A5-6E6364F37684}.Debug|Any CPU.ActiveCfg = Debug|Any CPU
		{0739D6C4-DDBC-4777-B0A5-6E6364F37684}.Debug|Any CPU.Build.0 = Debug|Any CPU
		{0739D6C4-DDBC-4777-B0A5-6E6364F37684}.Release|Any CPU.ActiveCfg = Release|Any CPU
		{0739D6C4-DDBC-4777-B0A5-6E6364F37684}.Release|Any CPU.Build.0 = Release|Any CPU
		{888CA5B2-AB04-4709-8661-D362765DFA5E}.Debug|Any CPU.ActiveCfg = Debug|Any CPU
		{888CA5B2-AB04-4709-8661-D362765DFA5E}.Debug|Any CPU.Build.0 = Debug|Any CPU
		{888CA5B2-AB04-4709-8661-D362765DFA5E}.Release|Any CPU.ActiveCfg = Release|Any CPU
		{888CA5B2-AB04-4709-8661-D362765DFA5E}.Release|Any CPU.Build.0 = Release|Any CPU
	EndGlobalSection
	GlobalSection(SolutionProperties) = preSolution
		HideSolutionNode = FALSE
	EndGlobalSection
	GlobalSection(ExtensibilityGlobals) = postSolution
		SolutionGuid = {87ADC05D-704C-4506-AA0F-7B63D080C64D}
	EndGlobalSection
EndGlobal
